{
    "name": "微头条动态卡片，类似朋友圈，qq说说，微头条，实现多张图片自适应排列布局",
    "version": "1.0.1（2021-03-30）",
    "lockfileVersion": 1,
    "requires": true,
    "dependencies": {
        "moment": {
            "version": "2.29.1",
            "resolved": "https://registry.npmjs.org/moment/-/moment-2.29.1.tgz",
            "integrity": "sha512-kHmoybcPV8Sqy59DwNDY3Jefr64lK/by/da0ViFcuA4DH0vQg5Q6Ze5VimxkfQNSC+Mls/Kx53s7TjP1RhFEDQ=="
        }
    }
}
